
Microsoft Visual Studio Solution File, Format Version 12.00
# Visual Studio Version 17
VisualStudioVersion = 17.10.35027.167
MinimumVisualStudioVersion = 10.0.40219.1
Project("{FAE04EC0-301F-11D3-BF4B-00C04F79EFBC}") = "ApiDarwin1", "ApiDarwin1.csproj", "{FBA383B3-A7B7-44CC-A36C-54D00FD66CA6}"
EndProject
Global
	GlobalSection(SolutionConfigurationPlatforms) = preSolution
		Debug|Any CPU = Debug|Any CPU
		Release|Any CPU = Release|Any CPU
	EndGlobalSection
	GlobalSection(ProjectConfigurationPlatforms) = postSolution
		{FBA383B3-A7B7-44CC-A36C-54D00FD66CA6}.Debug|Any CPU.ActiveCfg = Debug|Any CPU
		{FBA383B3-A7B7-44CC-A36C-54D00FD66CA6}.Debug|Any CPU.Build.0 = Debug|Any CPU
		{FBA383B3-A7B7-44CC-A36C-54D00FD66CA6}.Release|Any CPU.ActiveCfg = Release|Any CPU
		{FBA383B3-A7B7-44CC-A36C-54D00FD66CA6}.Release|Any CPU.Build.0 = Release|Any CPU
	EndGlobalSection
	GlobalSection(SolutionProperties) = preSolution
		HideSolutionNode = FALSE
	EndGlobalSection
	GlobalSection(ExtensibilityGlobals) = postSolution
		SolutionGuid = {CFEB1794-6EA7-4481-BD59-3AC55214EC9D}
	EndGlobalSection
EndGlobal
